// !$*UTF8*$!
{
	archiveVersion = 1;
	classes = {
	};
	objectVersion = 46;
	objects = {

/* Begin PBXBuildFile section */
		131442DA16A6C4F9005AA13A /* icon_ipad.png in Resources */ = {isa = PBXBuildFile; fileRef = 131442D916A6C4F9005AA13A /* icon_ipad.png */; };
		131442DD16A6C4FE005AA13A /* icon_ipad@2x.png in Resources */ = {isa = PBXBuildFile; fileRef = 131442DC16A6C4FE005AA13A /* icon_ipad@2x.png */; };
		133CA23217B5C797006141B9 /* NScrollView.m in Sources */ = {isa = PBXBuildFile; fileRef = 133CA23117B5C797006141B9 /* NScrollView.m */; };
		133CA23317B5C797006141B9 /* NScrollView.m in Sources */ = {isa = PBXBuildFile; fileRef = 133CA23117B5C797006141B9 /* NScrollView.m */; };
		1340D0AB16EDE19D00928289 /* MortageRequestOneViewController.m in Sources */ = {isa = PBXBuildFile; fileRef = 1340D0A916EDE19D00928289 /* MortageRequestOneViewController.m */; };
		1340D0AC16EDE19D00928289 /* MortageRequestOneViewController.xib in Resources */ = {isa = PBXBuildFile; fileRef = 1340D0AA16EDE19D00928289 /* MortageRequestOneViewController.xib */; };
		1340D0BB16EE54B200928289 /* MortageRequestTwoViewController.m in Sources */ = {isa = PBXBuildFile; fileRef = 1340D0B916EE54B200928289 /* MortageRequestTwoViewController.m */; };
		1340D0BC16EE54B200928289 /* MortageRequestTwoViewController.xib in Resources */ = {isa = PBXBuildFile; fileRef = 1340D0BA16EE54B200928289 /* MortageRequestTwoViewController.xib */; };
		1340D0C016EE5F1300928289 /* ExpenseReportViewController.m in Sources */ = {isa = PBXBuildFile; fileRef = 1340D0BE16EE5F1200928289 /* ExpenseReportViewController.m */; };
		1340D0C116EE5F1300928289 /* ExpenseReportViewController.xib in Resources */ = {isa = PBXBuildFile; fileRef = 1340D0BF16EE5F1200928289 /* ExpenseReportViewController.xib */; };
		1353C164169AE4D000581713 /* CountryTableViewController.m in Sources */ = {isa = PBXBuildFile; fileRef = 1353C162169AE4D000581713 /* CountryTableViewController.m */; };
		1353C165169AE4D000581713 /* CountryTableViewController.xib in Resources */ = {isa = PBXBuildFile; fileRef = 1353C163169AE4D000581713 /* CountryTableViewController.xib */; };
		13A81D5E169201AB00CD1486 /* LoginViewController.m in Sources */ = {isa = PBXBuildFile; fileRef = 13A81D5C169201AB00CD1486 /* LoginViewController.m */; };
		13A81D5F169201AB00CD1486 /* LoginViewController.xib in Resources */ = {isa = PBXBuildFile; fileRef = 13A81D5D169201AB00CD1486 /* LoginViewController.xib */; };
		13A81D6C16920A3500CD1486 /* MakePaymentViewController.m in Sources */ = {isa = PBXBuildFile; fileRef = 13A81D6A16920A3500CD1486 /* MakePaymentViewController.m */; };
		13A81D6D16920A3500CD1486 /* MakePaymentViewController.xib in Resources */ = {isa = PBXBuildFile; fileRef = 13A81D6B16920A3500CD1486 /* MakePaymentViewController.xib */; };
		13A81D711692282000CD1486 /* PaymentHomeViewController.m in Sources */ = {isa = PBXBuildFile; fileRef = 13A81D6F1692281F00CD1486 /* PaymentHomeViewController.m */; };
		13A81D721692282000CD1486 /* PaymentHomeViewController.xib in Resources */ = {isa = PBXBuildFile; fileRef = 13A81D701692282000CD1486 /* PaymentHomeViewController.xib */; };
		13A81D7716922D1400CD1486 /* logo.png in Resources */ = {isa = PBXBuildFile; fileRef = 13A81D7516922D1400CD1486 /* logo.png */; };
		13E199BE1695B6840063A488 /* CFNetwork.framework in Frameworks */ = {isa = PBXBuildFile; fileRef = 13E199BD1695B6840063A488 /* CFNetwork.framework */; };
		13E199C31695B6CE0063A488 /* QuartzCore.framework in Frameworks */ = {isa = PBXBuildFile; fileRef = 13E199C21695B6CE0063A488 /* QuartzCore.framework */; };
		13E199CF1695BB040063A488 /* logo@2x.png in Resources */ = {isa = PBXBuildFile; fileRef = 13E199CE1695BB040063A488 /* logo@2x.png */; };
		13E199D21695BB0D0063A488 /* icon.png in Resources */ = {isa = PBXBuildFile; fileRef = 13E199D11695BB0D0063A488 /* icon.png */; };
		13E199D41695BB110063A488 /* icon@2x.png in Resources */ = {isa = PBXBuildFile; fileRef = 13E199D31695BB110063A488 /* icon@2x.png */; };
		13E5DDDA1691136C00C5BE0D /* UIKit.framework in Frameworks */ = {isa = PBXBuildFile; fileRef = 13E5DDD91691136C00C5BE0D /* UIKit.framework */; };
		13E5DDDC1691136C00C5BE0D /* Foundation.framework in Frameworks */ = {isa = PBXBuildFile; fileRef = 13E5DDDB1691136C00C5BE0D /* Foundation.framework */; };
		13E5DDDE1691136C00C5BE0D /* CoreGraphics.framework in Frameworks */ = {isa = PBXBuildFile; fileRef = 13E5DDDD1691136C00C5BE0D /* CoreGraphics.framework */; };
		13E5DDE41691136C00C5BE0D /* InfoPlist.strings in Resources */ = {isa = PBXBuildFile; fileRef = 13E5DDE21691136C00C5BE0D /* InfoPlist.strings */; };
		13E5DDE61691136C00C5BE0D /* main.m in Sources */ = {isa = PBXBuildFile; fileRef = 13E5DDE51691136C00C5BE0D /* main.m */; };
		13E5DDEA1691136C00C5BE0D /* AppDelegate.m in Sources */ = {isa = PBXBuildFile; fileRef = 13E5DDE91691136C00C5BE0D /* AppDelegate.m */; };
		13E5DDF01691136C00C5BE0D /* Default-568h@2x.png in Resources */ = {isa = PBXBuildFile; fileRef = 13E5DDEF1691136C00C5BE0D /* Default-568h@2x.png */; };
		3B88BAF3178C340A00ACE318 /* main.m in Sources */ = {isa = PBXBuildFile; fileRef = 13E5DDE51691136C00C5BE0D /* main.m */; };
		3B88BAF4178C340A00ACE318 /* AppDelegate.m in Sources */ = {isa = PBXBuildFile; fileRef = 13E5DDE91691136C00C5BE0D /* AppDelegate.m */; };
		3B88BAF5178C340A00ACE318 /* LoginViewController.m in Sources */ = {isa = PBXBuildFile; fileRef = 13A81D5C169201AB00CD1486 /* LoginViewController.m */; };
		3B88BAF6178C340A00ACE318 /* MakePaymentViewController.m in Sources */ = {isa = PBXBuildFile; fileRef = 13A81D6A16920A3500CD1486 /* MakePaymentViewController.m */; };
		3B88BAF7178C340A00ACE318 /* PaymentHomeViewController.m in Sources */ = {isa = PBXBuildFile; fileRef = 13A81D6F1692281F00CD1486 /* PaymentHomeViewController.m */; };
		3B88BAF8178C340A00ACE318 /* CountryTableViewController.m in Sources */ = {isa = PBXBuildFile; fileRef = 1353C162169AE4D000581713 /* CountryTableViewController.m */; };
		3B88BAF9178C340A00ACE318 /* MortageRequestOneViewController.m in Sources */ = {isa = PBXBuildFile; fileRef = 1340D0A916EDE19D00928289 /* MortageRequestOneViewController.m */; };
		3B88BAFA178C340A00ACE318 /* MortageRequestTwoViewController.m in Sources */ = {isa = PBXBuildFile; fileRef = 1340D0B916EE54B200928289 /* MortageRequestTwoViewController.m */; };
		3B88BAFB178C340A00ACE318 /* ExpenseReportViewController.m in Sources */ = {isa = PBXBuildFile; fileRef = 1340D0BE16EE5F1200928289 /* ExpenseReportViewController.m */; };
		3B88BAFE178C340A00ACE318 /* QuartzCore.framework in Frameworks */ = {isa = PBXBuildFile; fileRef = 13E199C21695B6CE0063A488 /* QuartzCore.framework */; };
		3B88BAFF178C340A00ACE318 /* CoreGraphics.framework in Frameworks */ = {isa = PBXBuildFile; fileRef = 13E5DDDD1691136C00C5BE0D /* CoreGraphics.framework */; };
		3B88BB00178C340A00ACE318 /* CFNetwork.framework in Frameworks */ = {isa = PBXBuildFile; fileRef = 13E199BD1695B6840063A488 /* CFNetwork.framework */; };
		3B88BB01178C340A00ACE318 /* UIKit.framework in Frameworks */ = {isa = PBXBuildFile; fileRef = 13E5DDD91691136C00C5BE0D /* UIKit.framework */; };
		3B88BB02178C340A00ACE318 /* Foundation.framework in Frameworks */ = {isa = PBXBuildFile; fileRef = 13E5DDDB1691136C00C5BE0D /* Foundation.framework */; };
		3B88BB04178C340A00ACE318 /* InfoPlist.strings in Resources */ = {isa = PBXBuildFile; fileRef = 13E5DDE21691136C00C5BE0D /* InfoPlist.strings */; };
		3B88BB05178C340A00ACE318 /* Default-568h@2x.png in Resources */ = {isa = PBXBuildFile; fileRef = 13E5DDEF1691136C00C5BE0D /* Default-568h@2x.png */; };
		3B88BB06178C340A00ACE318 /* LoginViewController.xib in Resources */ = {isa = PBXBuildFile; fileRef = 13A81D5D169201AB00CD1486 /* LoginViewController.xib */; };
		3B88BB07178C340A00ACE318 /* MakePaymentViewController.xib in Resources */ = {isa = PBXBuildFile; fileRef = 13A81D6B16920A3500CD1486 /* MakePaymentViewController.xib */; };
		3B88BB08178C340A00ACE318 /* PaymentHomeViewController.xib in Resources */ = {isa = PBXBuildFile; fileRef = 13A81D701692282000CD1486 /* PaymentHomeViewController.xib */; };
		3B88BB09178C340A00ACE318 /* logo.png in Resources */ = {isa = PBXBuildFile; fileRef = 13A81D7516922D1400CD1486 /* logo.png */; };
		3B88BB0A178C340A00ACE318 /* logo@2x.png in Resources */ = {isa = PBXBuildFile; fileRef = 13E199CE1695BB040063A488 /* logo@2x.png */; };
		3B88BB0B178C340A00ACE318 /* icon.png in Resources */ = {isa = PBXBuildFile; fileRef = 13E199D11695BB0D0063A488 /* icon.png */; };
		3B88BB0C178C340A00ACE318 /* icon@2x.png in Resources */ = {isa = PBXBuildFile; fileRef = 13E199D31695BB110063A488 /* icon@2x.png */; };
		3B88BB0D178C340A00ACE318 /* CountryTableViewController.xib in Resources */ = {isa = PBXBuildFile; fileRef = 1353C163169AE4D000581713 /* CountryTableViewController.xib */; };
		3B88BB0E178C340A00ACE318 /* icon_ipad.png in Resources */ = {isa = PBXBuildFile; fileRef = 131442D916A6C4F9005AA13A /* icon_ipad.png */; };
		3B88BB0F178C340A00ACE318 /* icon_ipad@2x.png in Resources */ = {isa = PBXBuildFile; fileRef = 131442DC16A6C4FE005AA13A /* icon_ipad@2x.png */; };
		3B88BB10178C340A00ACE318 /* MortageRequestOneViewController.xib in Resources */ = {isa = PBXBuildFile; fileRef = 1340D0AA16EDE19D00928289 /* MortageRequestOneViewController.xib */; };
		3B88BB11178C340A00ACE318 /* MortageRequestTwoViewController.xib in Resources */ = {isa = PBXBuildFile; fileRef = 1340D0BA16EE54B200928289 /* MortageRequestTwoViewController.xib */; };
		3B88BB12178C340A00ACE318 /* ExpenseReportViewController.xib in Resources */ = {isa = PBXBuildFile; fileRef = 1340D0BF16EE5F1200928289 /* ExpenseReportViewController.xib */; };
		3BDFA63C19E298DA00484ED1 /* Images.xcassets in Resources */ = {isa = PBXBuildFile; fileRef = 3BDFA63B19E298DA00484ED1 /* Images.xcassets */; };
		7D08393C1CC584AE006DF9EC /* LocalAuthentication.framework in Frameworks */ = {isa = PBXBuildFile; fileRef = 7D08393B1CC584AE006DF9EC /* LocalAuthentication.framework */; };
		7D08394C1CC58FD3006DF9EC /* LocalAuthentication.framework in Frameworks */ = {isa = PBXBuildFile; fileRef = 7D08393B1CC584AE006DF9EC /* LocalAuthentication.framework */; };
/* End PBXBuildFile section */

/* Begin PBXFileReference section */
		131442D916A6C4F9005AA13A /* icon_ipad.png */ = {isa = PBXFileReference; lastKnownFileType = image.png; path = icon_ipad.png; sourceTree = "<group>"; };
		131442DC16A6C4FE005AA13A /* icon_ipad@2x.png */ = {isa = PBXFileReference; lastKnownFileType = image.png; path = "icon_ipad@2x.png"; sourceTree = "<group>"; };
		133CA23017B5C797006141B9 /* NScrollView.h */ = {isa = PBXFileReference; fileEncoding = 4; lastKnownFileType = sourcecode.c.h; path = NScrollView.h; sourceTree = "<group>"; };
		133CA23117B5C797006141B9 /* NScrollView.m */ = {isa = PBXFileReference; fileEncoding = 4; lastKnownFileType = sourcecode.c.objc; path = NScrollView.m; sourceTree = "<group>"; };
		1340D0A816EDE19D00928289 /* MortageRequestOneViewController.h */ = {isa = PBXFileReference; fileEncoding = 4; lastKnownFileType = sourcecode.c.h; path = MortageRequestOneViewController.h; sourceTree = "<group>"; };
		1340D0A916EDE19D00928289 /* MortageRequestOneViewController.m */ = {isa = PBXFileReference; fileEncoding = 4; lastKnownFileType = sourcecode.c.objc; path = MortageRequestOneViewController.m; sourceTree = "<group>"; };
		1340D0AA16EDE19D00928289 /* MortageRequestOneViewController.xib */ = {isa = PBXFileReference; fileEncoding = 4; lastKnownFileType = file.xib; path = MortageRequestOneViewController.xib; sourceTree = "<group>"; };
		1340D0B816EE54B200928289 /* MortageRequestTwoViewController.h */ = {isa = PBXFileReference; fileEncoding = 4; lastKnownFileType = sourcecode.c.h; path = MortageRequestTwoViewController.h; sourceTree = "<group>"; };
		1340D0B916EE54B200928289 /* MortageRequestTwoViewController.m */ = {isa = PBXFileReference; fileEncoding = 4; lastKnownFileType = sourcecode.c.objc; path = MortageRequestTwoViewController.m; sourceTree = "<group>"; };
		1340D0BA16EE54B200928289 /* MortageRequestTwoViewController.xib */ = {isa = PBXFileReference; fileEncoding = 4; lastKnownFileType = file.xib; path = MortageRequestTwoViewController.xib; sourceTree = "<group>"; };
		1340D0BD16EE5F1200928289 /* ExpenseReportViewController.h */ = {isa = PBXFileReference; fileEncoding = 4; lastKnownFileType = sourcecode.c.h; path = ExpenseReportViewController.h; sourceTree = "<group>"; };
		1340D0BE16EE5F1200928289 /* ExpenseReportViewController.m */ = {isa = PBXFileReference; fileEncoding = 4; lastKnownFileType = sourcecode.c.objc; path = ExpenseReportViewController.m; sourceTree = "<group>"; };
		1340D0BF16EE5F1200928289 /* ExpenseReportViewController.xib */ = {isa = PBXFileReference; fileEncoding = 4; lastKnownFileType = file.xib; path = ExpenseReportViewController.xib; sourceTree = "<group>"; };
		1353C161169AE4D000581713 /* CountryTableViewController.h */ = {isa = PBXFileReference; fileEncoding = 4; lastKnownFileType = sourcecode.c.h; path = CountryTableViewController.h; sourceTree = "<group>"; };
		1353C162169AE4D000581713 /* CountryTableViewController.m */ = {isa = PBXFileReference; fileEncoding = 4; lastKnownFileType = sourcecode.c.objc; path = CountryTableViewController.m; sourceTree = "<group>"; };
		1353C163169AE4D000581713 /* CountryTableViewController.xib */ = {isa = PBXFileReference; fileEncoding = 4; lastKnownFileType = file.xib; path = CountryTableViewController.xib; sourceTree = "<group>"; };
		13A81D5B169201AB00CD1486 /* LoginViewController.h */ = {isa = PBXFileReference; fileEncoding = 4; lastKnownFileType = sourcecode.c.h; path = LoginViewController.h; sourceTree = "<group>"; };
		13A81D5C169201AB00CD1486 /* LoginViewController.m */ = {isa = PBXFileReference; fileEncoding = 4; lastKnownFileType = sourcecode.c.objc; path = LoginViewController.m; sourceTree = "<group>"; };
		13A81D5D169201AB00CD1486 /* LoginViewController.xib */ = {isa = PBXFileReference; fileEncoding = 4; lastKnownFileType = file.xib; path = LoginViewController.xib; sourceTree = "<group>"; };
		13A81D6916920A3500CD1486 /* MakePaymentViewController.h */ = {isa = PBXFileReference; fileEncoding = 4; lastKnownFileType = sourcecode.c.h; path = MakePaymentViewController.h; sourceTree = "<group>"; };
		13A81D6A16920A3500CD1486 /* MakePaymentViewController.m */ = {isa = PBXFileReference; fileEncoding = 4; lastKnownFileType = sourcecode.c.objc; path = MakePaymentViewController.m; sourceTree = "<group>"; };
		13A81D6B16920A3500CD1486 /* MakePaymentViewController.xib */ = {isa = PBXFileReference; fileEncoding = 4; lastKnownFileType = file.xib; path = MakePaymentViewController.xib; sourceTree = "<group>"; };
		13A81D6E1692281F00CD1486 /* PaymentHomeViewController.h */ = {isa = PBXFileReference; fileEncoding = 4; lastKnownFileType = sourcecode.c.h; path = PaymentHomeViewController.h; sourceTree = "<group>"; };
		13A81D6F1692281F00CD1486 /* PaymentHomeViewController.m */ = {isa = PBXFileReference; fileEncoding = 4; lastKnownFileType = sourcecode.c.objc; path = PaymentHomeViewController.m; sourceTree = "<group>"; };
		13A81D701692282000CD1486 /* PaymentHomeViewController.xib */ = {isa = PBXFileReference; fileEncoding = 4; lastKnownFileType = file.xib; path = PaymentHomeViewController.xib; sourceTree = "<group>"; };
		13A81D7516922D1400CD1486 /* logo.png */ = {isa = PBXFileReference; lastKnownFileType = image.png; path = logo.png; sourceTree = "<group>"; };
		13E199BD1695B6840063A488 /* CFNetwork.framework */ = {isa = PBXFileReference; lastKnownFileType = wrapper.framework; name = CFNetwork.framework; path = System/Library/Frameworks/CFNetwork.framework; sourceTree = SDKROOT; };
		13E199C21695B6CE0063A488 /* QuartzCore.framework */ = {isa = PBXFileReference; lastKnownFileType = wrapper.framework; name = QuartzCore.framework; path = System/Library/Frameworks/QuartzCore.framework; sourceTree = SDKROOT; };
		13E199CE1695BB040063A488 /* logo@2x.png */ = {isa = PBXFileReference; lastKnownFileType = image.png; path = "logo@2x.png"; sourceTree = "<group>"; };
		13E199D11695BB0D0063A488 /* icon.png */ = {isa = PBXFileReference; lastKnownFileType = image.png; path = icon.png; sourceTree = "<group>"; };
		13E199D31695BB110063A488 /* icon@2x.png */ = {isa = PBXFileReference; lastKnownFileType = image.png; path = "icon@2x.png"; sourceTree = "<group>"; };
		13E5DDD51691136C00C5BE0D /* ExperiBank.app */ = {isa = PBXFileReference; explicitFileType = wrapper.application; includeInIndex = 0; path = ExperiBank.app; sourceTree = BUILT_PRODUCTS_DIR; };
		13E5DDD91691136C00C5BE0D /* UIKit.framework */ = {isa = PBXFileReference; lastKnownFileType = wrapper.framework; name = UIKit.framework; path = System/Library/Frameworks/UIKit.framework; sourceTree = SDKROOT; };
		13E5DDDB1691136C00C5BE0D /* Foundation.framework */ = {isa = PBXFileReference; lastKnownFileType = wrapper.framework; name = Foundation.framework; path = System/Library/Frameworks/Foundation.framework; sourceTree = SDKROOT; };
		13E5DDDD1691136C00C5BE0D /* CoreGraphics.framework */ = {isa = PBXFileReference; lastKnownFileType = wrapper.framework; name = CoreGraphics.framework; path = System/Library/Frameworks/CoreGraphics.framework; sourceTree = SDKROOT; };
		13E5DDE11691136C00C5BE0D /* ExperiBank-Info.plist */ = {isa = PBXFileReference; lastKnownFileType = text.plist.xml; path = "ExperiBank-Info.plist"; sourceTree = "<group>"; };
		13E5DDE31691136C00C5BE0D /* en */ = {isa = PBXFileReference; lastKnownFileType = text.plist.strings; name = en; path = en.lproj/InfoPlist.strings; sourceTree = "<group>"; };
		13E5DDE51691136C00C5BE0D /* main.m */ = {isa = PBXFileReference; lastKnownFileType = sourcecode.c.objc; path = main.m; sourceTree = "<group>"; };
		13E5DDE71691136C00C5BE0D /* ExperiBank-Prefix.pch */ = {isa = PBXFileReference; lastKnownFileType = sourcecode.c.h; path = "ExperiBank-Prefix.pch"; sourceTree = "<group>"; };
		13E5DDE81691136C00C5BE0D /* AppDelegate.h */ = {isa = PBXFileReference; lastKnownFileType = sourcecode.c.h; path = AppDelegate.h; sourceTree = "<group>"; };
		13E5DDE91691136C00C5BE0D /* AppDelegate.m */ = {isa = PBXFileReference; lastKnownFileType = sourcecode.c.objc; path = AppDelegate.m; sourceTree = "<group>"; };
		13E5DDEB1691136C00C5BE0D /* Default.png */ = {isa = PBXFileReference; lastKnownFileType = image.png; path = Default.png; sourceTree = "<group>"; };
		13E5DDED1691136C00C5BE0D /* Default@2x.png */ = {isa = PBXFileReference; lastKnownFileType = image.png; path = "Default@2x.png"; sourceTree = "<group>"; };
		13E5DDEF1691136C00C5BE0D /* Default-568h@2x.png */ = {isa = PBXFileReference; lastKnownFileType = image.png; path = "Default-568h@2x.png"; sourceTree = "<group>"; };
		3B88BB16178C340A00ACE318 /* ExperiBankO.app */ = {isa = PBXFileReference; explicitFileType = wrapper.application; includeInIndex = 0; path = ExperiBankO.app; sourceTree = BUILT_PRODUCTS_DIR; };
		3B88BB19178C340B00ACE318 /* ExperiBank copy-Info.plist */ = {isa = PBXFileReference; lastKnownFileType = text.plist.xml; name = "ExperiBank copy-Info.plist"; path = "/Users/mirron/Documents/sources/trunk/iExperiBank/ExperiBank copy-Info.plist"; sourceTree = "<absolute>"; };
		3BDFA63B19E298DA00484ED1 /* Images.xcassets */ = {isa = PBXFileReference; lastKnownFileType = folder.assetcatalog; name = Images.xcassets; path = "ExperiBank O/Images.xcassets"; sourceTree = "<group>"; };
		7D08393B1CC584AE006DF9EC /* LocalAuthentication.framework */ = {isa = PBXFileReference; lastKnownFileType = wrapper.framework; name = LocalAuthentication.framework; path = System/Library/Frameworks/LocalAuthentication.framework; sourceTree = SDKROOT; };
/* End PBXFileReference section */

/* Begin PBXFrameworksBuildPhase section */
		13E5DDD21691136C00C5BE0D /* Frameworks */ = {
			isa = PBXFrameworksBuildPhase;
			buildActionMask = 2147483647;
			files = (
				7D08393C1CC584AE006DF9EC /* LocalAuthentication.framework in Frameworks */,
				13E199C31695B6CE0063A488 /* QuartzCore.framework in Frameworks */,
				13E5DDDE1691136C00C5BE0D /* CoreGraphics.framework in Frameworks */,
				13E199BE1695B6840063A488 /* CFNetwork.framework in Frameworks */,
				13E5DDDA1691136C00C5BE0D /* UIKit.framework in Frameworks */,
				13E5DDDC1691136C00C5BE0D /* Foundation.framework in Frameworks */,
			);
			runOnlyForDeploymentPostprocessing = 0;
		};
		3B88BAFC178C340A00ACE318 /* Frameworks */ = {
			isa = PBXFrameworksBuildPhase;
			buildActionMask = 2147483647;
			files = (
				7D08394C1CC58FD3006DF9EC /* LocalAuthentication.framework in Frameworks */,
				3B88BAFE178C340A00ACE318 /* QuartzCore.framework in Frameworks */,
				3B88BAFF178C340A00ACE318 /* CoreGraphics.framework in Frameworks */,
				3B88BB00178C340A00ACE318 /* CFNetwork.framework in Frameworks */,
				3B88BB01178C340A00ACE318 /* UIKit.framework in Frameworks */,
				3B88BB02178C340A00ACE318 /* Foundation.framework in Frameworks */,
			);
			runOnlyForDeploymentPostprocessing = 0;
		};
/* End PBXFrameworksBuildPhase section */

/* Begin PBXGroup section */
		133CA22F17B5C797006141B9 /* Views */ = {
			isa = PBXGroup;
			children = (
				133CA23017B5C797006141B9 /* NScrollView.h */,
				133CA23117B5C797006141B9 /* NScrollView.m */,
			);
			path = Views;
			sourceTree = "<group>";
		};
		13A81D7316922D1400CD1486 /* Images */ = {
			isa = PBXGroup;
			children = (
				13A81D7516922D1400CD1486 /* logo.png */,
				13E199CE1695BB040063A488 /* logo@2x.png */,
			);
			path = Images;
			sourceTree = "<group>";
		};
		13E5DDCA1691136C00C5BE0D = {
			isa = PBXGroup;
			children = (
				3BDFA63B19E298DA00484ED1 /* Images.xcassets */,
				131442DC16A6C4FE005AA13A /* icon_ipad@2x.png */,
				131442D916A6C4F9005AA13A /* icon_ipad.png */,
				13E199D31695BB110063A488 /* icon@2x.png */,
				13E199D11695BB0D0063A488 /* icon.png */,
				13E5DDDF1691136C00C5BE0D /* ExperiBank */,
				13E5DDD81691136C00C5BE0D /* Frameworks */,
				13E5DDD61691136C00C5BE0D /* Products */,
				3B88BB19178C340B00ACE318 /* ExperiBank copy-Info.plist */,
			);
			sourceTree = "<group>";
		};
		13E5DDD61691136C00C5BE0D /* Products */ = {
			isa = PBXGroup;
			children = (
				13E5DDD51691136C00C5BE0D /* ExperiBank.app */,
				3B88BB16178C340A00ACE318 /* ExperiBankO.app */,
			);
			name = Products;
			sourceTree = "<group>";
		};
		13E5DDD81691136C00C5BE0D /* Frameworks */ = {
			isa = PBXGroup;
			children = (
				7D08393B1CC584AE006DF9EC /* LocalAuthentication.framework */,
				13E199C21695B6CE0063A488 /* QuartzCore.framework */,
				13E199BD1695B6840063A488 /* CFNetwork.framework */,
				13E5DDD91691136C00C5BE0D /* UIKit.framework */,
				13E5DDDB1691136C00C5BE0D /* Foundation.framework */,
				13E5DDDD1691136C00C5BE0D /* CoreGraphics.framework */,
			);
			name = Frameworks;
			sourceTree = "<group>";
		};
		13E5DDDF1691136C00C5BE0D /* ExperiBank */ = {
			isa = PBXGroup;
			children = (
				133CA22F17B5C797006141B9 /* Views */,
				13A81D7316922D1400CD1486 /* Images */,
				13E5DDE81691136C00C5BE0D /* AppDelegate.h */,
				13E5DDE91691136C00C5BE0D /* AppDelegate.m */,
				13A81D5B169201AB00CD1486 /* LoginViewController.h */,
				13A81D5C169201AB00CD1486 /* LoginViewController.m */,
				13A81D5D169201AB00CD1486 /* LoginViewController.xib */,
				13A81D6E1692281F00CD1486 /* PaymentHomeViewController.h */,
				13A81D6F1692281F00CD1486 /* PaymentHomeViewController.m */,
				13A81D701692282000CD1486 /* PaymentHomeViewController.xib */,
				13A81D6916920A3500CD1486 /* MakePaymentViewController.h */,
				13A81D6A16920A3500CD1486 /* MakePaymentViewController.m */,
				13A81D6B16920A3500CD1486 /* MakePaymentViewController.xib */,
				1340D0A816EDE19D00928289 /* MortageRequestOneViewController.h */,
				1340D0A916EDE19D00928289 /* MortageRequestOneViewController.m */,
				1340D0AA16EDE19D00928289 /* MortageRequestOneViewController.xib */,
				1340D0B816EE54B200928289 /* MortageRequestTwoViewController.h */,
				1340D0B916EE54B200928289 /* MortageRequestTwoViewController.m */,
				1340D0BA16EE54B200928289 /* MortageRequestTwoViewController.xib */,
				1353C161169AE4D000581713 /* CountryTableViewController.h */,
				1353C162169AE4D000581713 /* CountryTableViewController.m */,
				1353C163169AE4D000581713 /* CountryTableViewController.xib */,
				1340D0BD16EE5F1200928289 /* ExpenseReportViewController.h */,
				1340D0BE16EE5F1200928289 /* ExpenseReportViewController.m */,
				1340D0BF16EE5F1200928289 /* ExpenseReportViewController.xib */,
				13E5DDE01691136C00C5BE0D /* Supporting Files */,
			);
			path = ExperiBank;
			sourceTree = "<group>";
		};
		13E5DDE01691136C00C5BE0D /* Supporting Files */ = {
			isa = PBXGroup;
			children = (
				13E5DDE11691136C00C5BE0D /* ExperiBank-Info.plist */,
				13E5DDE21691136C00C5BE0D /* InfoPlist.strings */,
				13E5DDE51691136C00C5BE0D /* main.m */,
				13E5DDE71691136C00C5BE0D /* ExperiBank-Prefix.pch */,
				13E5DDEB1691136C00C5BE0D /* Default.png */,
				13E5DDED1691136C00C5BE0D /* Default@2x.png */,
				13E5DDEF1691136C00C5BE0D /* Default-568h@2x.png */,
			);
			name = "Supporting Files";
			sourceTree = "<group>";
		};
/* End PBXGroup section */

/* Begin PBXNativeTarget section */
		13E5DDD41691136C00C5BE0D /* ExperiBank */ = {
			isa = PBXNativeTarget;
			buildConfigurationList = 13E5DDF31691136C00C5BE0D /* Build configuration list for PBXNativeTarget "ExperiBank" */;
			buildPhases = (
				13E5DDD11691136C00C5BE0D /* Sources */,
				13E5DDD21691136C00C5BE0D /* Frameworks */,
				13E5DDD31691136C00C5BE0D /* Resources */,
			);
			buildRules = (
			);
			dependencies = (
			);
			name = ExperiBank;
			productName = ExperiBank;
			productReference = 13E5DDD51691136C00C5BE0D /* ExperiBank.app */;
			productType = "com.apple.product-type.application";
		};
		3B88BAF1178C340A00ACE318 /* ExperiBank O */ = {
			isa = PBXNativeTarget;
			buildConfigurationList = 3B88BB13178C340A00ACE318 /* Build configuration list for PBXNativeTarget "ExperiBank O" */;
			buildPhases = (
				3B88BAF2178C340A00ACE318 /* Sources */,
				3B88BAFC178C340A00ACE318 /* Frameworks */,
				3B88BB03178C340A00ACE318 /* Resources */,
			);
			buildRules = (
			);
			dependencies = (
			);
			name = "ExperiBank O";
			productName = ExperiBank;
			productReference = 3B88BB16178C340A00ACE318 /* ExperiBankO.app */;
			productType = "com.apple.product-type.application";
		};
/* End PBXNativeTarget section */

/* Begin PBXProject section */
		13E5DDCC1691136C00C5BE0D /* Project object */ = {
			isa = PBXProject;
			attributes = {
				LastUpgradeCheck = 0450;
				ORGANIZATIONNAME = Experitest;
				TargetAttributes = {
					13E5DDD41691136C00C5BE0D = {
						ProvisioningStyle = Automatic;
					};
					3B88BAF1178C340A00ACE318 = {
						ProvisioningStyle = Automatic;
					};
				};
			};
			buildConfigurationList = 13E5DDCF1691136C00C5BE0D /* Build configuration list for PBXProject "ExperiBank" */;
			compatibilityVersion = "Xcode 3.2";
			developmentRegion = English;
			hasScannedForEncodings = 0;
			knownRegions = (
				en,
			);
			mainGroup = 13E5DDCA1691136C00C5BE0D;
			productRefGroup = 13E5DDD61691136C00C5BE0D /* Products */;
			projectDirPath = "";
			projectRoot = "";
			targets = (
				13E5DDD41691136C00C5BE0D /* ExperiBank */,
				3B88BAF1178C340A00ACE318 /* ExperiBank O */,
			);
		};
/* End PBXProject section */

/* Begin PBXResourcesBuildPhase section */
		13E5DDD31691136C00C5BE0D /* Resources */ = {
			isa = PBXResourcesBuildPhase;
			buildActionMask = 2147483647;
			files = (
				13E5DDE41691136C00C5BE0D /* InfoPlist.strings in Resources */,
				13E5DDF01691136C00C5BE0D /* Default-568h@2x.png in Resources */,
				13A81D5F169201AB00CD1486 /* LoginViewController.xib in Resources */,
				13A81D6D16920A3500CD1486 /* MakePaymentViewController.xib in Resources */,
				13A81D721692282000CD1486 /* PaymentHomeViewController.xib in Resources */,
				13A81D7716922D1400CD1486 /* logo.png in Resources */,
				13E199CF1695BB040063A488 /* logo@2x.png in Resources */,
				13E199D21695BB0D0063A488 /* icon.png in Resources */,
				13E199D41695BB110063A488 /* icon@2x.png in Resources */,
				1353C165169AE4D000581713 /* CountryTableViewController.xib in Resources */,
				131442DA16A6C4F9005AA13A /* icon_ipad.png in Resources */,
				131442DD16A6C4FE005AA13A /* icon_ipad@2x.png in Resources */,
				1340D0AC16EDE19D00928289 /* MortageRequestOneViewController.xib in Resources */,
				1340D0BC16EE54B200928289 /* MortageRequestTwoViewController.xib in Resources */,
				1340D0C116EE5F1300928289 /* ExpenseReportViewController.xib in Resources */,
			);
			runOnlyForDeploymentPostprocessing = 0;
		};
		3B88BB03178C340A00ACE318 /* Resources */ = {
			isa = PBXResourcesBuildPhase;
			buildActionMask = 2147483647;
			files = (
				3B88BB04178C340A00ACE318 /* InfoPlist.strings in Resources */,
				3BDFA63C19E298DA00484ED1 /* Images.xcassets in Resources */,
				3B88BB05178C340A00ACE318 /* Default-568h@2x.png in Resources */,
				3B88BB06178C340A00ACE318 /* LoginViewController.xib in Resources */,
				3B88BB07178C340A00ACE318 /* MakePaymentViewController.xib in Resources */,
				3B88BB08178C340A00ACE318 /* PaymentHomeViewController.xib in Resources */,
				3B88BB09178C340A00ACE318 /* logo.png in Resources */,
				3B88BB0A178C340A00ACE318 /* logo@2x.png in Resources */,
				3B88BB0B178C340A00ACE318 /* icon.png in Resources */,
				3B88BB0C178C340A00ACE318 /* icon@2x.png in Resources */,
				3B88BB0D178C340A00ACE318 /* CountryTableViewController.xib in Resources */,
				3B88BB0E178C340A00ACE318 /* icon_ipad.png in Resources */,
				3B88BB0F178C340A00ACE318 /* icon_ipad@2x.png in Resources */,
				3B88BB10178C340A00ACE318 /* MortageRequestOneViewController.xib in Resources */,
				3B88BB11178C340A00ACE318 /* MortageRequestTwoViewController.xib in Resources */,
				3B88BB12178C340A00ACE318 /* ExpenseReportViewController.xib in Resources */,
			);
			runOnlyForDeploymentPostprocessing = 0;
		};
/* End PBXResourcesBuildPhase section */

/* Begin PBXSourcesBuildPhase section */
		13E5DDD11691136C00C5BE0D /* Sources */ = {
			isa = PBXSourcesBuildPhase;
			buildActionMask = 2147483647;
			files = (
				13E5DDE61691136C00C5BE0D /* main.m in Sources */,
				13E5DDEA1691136C00C5BE0D /* AppDelegate.m in Sources */,
				13A81D5E169201AB00CD1486 /* LoginViewController.m in Sources */,
				13A81D6C16920A3500CD1486 /* MakePaymentViewController.m in Sources */,
				13A81D711692282000CD1486 /* PaymentHomeViewController.m in Sources */,
				1353C164169AE4D000581713 /* CountryTableViewController.m in Sources */,
				1340D0AB16EDE19D00928289 /* MortageRequestOneViewController.m in Sources */,
				1340D0BB16EE54B200928289 /* MortageRequestTwoViewController.m in Sources */,
				1340D0C016EE5F1300928289 /* ExpenseReportViewController.m in Sources */,
				133CA23217B5C797006141B9 /* NScrollView.m in Sources */,
			);
			runOnlyForDeploymentPostprocessing = 0;
		};
		3B88BAF2178C340A00ACE318 /* Sources */ = {
			isa = PBXSourcesBuildPhase;
			buildActionMask = 2147483647;
			files = (
				3B88BAF3178C340A00ACE318 /* main.m in Sources */,
				3B88BAF4178C340A00ACE318 /* AppDelegate.m in Sources */,
				3B88BAF5178C340A00ACE318 /* LoginViewController.m in Sources */,
				3B88BAF6178C340A00ACE318 /* MakePaymentViewController.m in Sources */,
				3B88BAF7178C340A00ACE318 /* PaymentHomeViewController.m in Sources */,
				3B88BAF8178C340A00ACE318 /* CountryTableViewController.m in Sources */,
				3B88BAF9178C340A00ACE318 /* MortageRequestOneViewController.m in Sources */,
				3B88BAFA178C340A00ACE318 /* MortageRequestTwoViewController.m in Sources */,
				3B88BAFB178C340A00ACE318 /* ExpenseReportViewController.m in Sources */,
				133CA23317B5C797006141B9 /* NScrollView.m in Sources */,
			);
			runOnlyForDeploymentPostprocessing = 0;
		};
/* End PBXSourcesBuildPhase section */

/* Begin PBXVariantGroup section */
		13E5DDE21691136C00C5BE0D /* InfoPlist.strings */ = {
			isa = PBXVariantGroup;
			children = (
				13E5DDE31691136C00C5BE0D /* en */,
			);
			name = InfoPlist.strings;
			sourceTree = "<group>";
		};
/* End PBXVariantGroup section */

/* Begin XCBuildConfiguration section */
		13E5DDF11691136C00C5BE0D /* Debug */ = {
			isa = XCBuildConfiguration;
			buildSettings = {
				ALWAYS_SEARCH_USER_PATHS = NO;
				CLANG_CXX_LANGUAGE_STANDARD = "gnu++0x";
				CLANG_CXX_LIBRARY = "libc++";
				CLANG_ENABLE_OBJC_ARC = YES;
				CLANG_WARN_EMPTY_BODY = YES;
				CLANG_WARN__DUPLICATE_METHOD_MATCH = YES;
				CODE_SIGN_IDENTITY = "";
				"CODE_SIGN_IDENTITY[sdk=iphoneos*]" = "";
				COPY_PHASE_STRIP = NO;
				GCC_C_LANGUAGE_STANDARD = gnu99;
				GCC_DYNAMIC_NO_PIC = NO;
				GCC_OPTIMIZATION_LEVEL = 0;
				GCC_PREPROCESSOR_DEFINITIONS = (
					"DEBUG=1",
					"$(inherited)",
				);
				GCC_SYMBOLS_PRIVATE_EXTERN = NO;
				GCC_WARN_ABOUT_RETURN_TYPE = YES;
				GCC_WARN_UNINITIALIZED_AUTOS = YES;
				GCC_WARN_UNUSED_VARIABLE = YES;
				IPHONEOS_DEPLOYMENT_TARGET = 5.0;
				PROVISIONING_PROFILE = "54036887-3993-4759-89d5-e726fda30d9a";
				SDKROOT = iphoneos;
				VALID_ARCHS = "armv7 armv6 arm64";
			};
			name = Debug;
		};
		13E5DDF21691136C00C5BE0D /* Release */ = {
			isa = XCBuildConfiguration;
			buildSettings = {
				ALWAYS_SEARCH_USER_PATHS = NO;
				CLANG_CXX_LANGUAGE_STANDARD = "gnu++0x";
				CLANG_CXX_LIBRARY = "libc++";
				CLANG_ENABLE_OBJC_ARC = YES;
				CLANG_WARN_EMPTY_BODY = YES;
				CLANG_WARN__DUPLICATE_METHOD_MATCH = YES;
				CODE_SIGN_IDENTITY = "";
				"CODE_SIGN_IDENTITY[sdk=iphoneos*]" = "";
				COPY_PHASE_STRIP = YES;
				GCC_C_LANGUAGE_STANDARD = gnu99;
				GCC_WARN_ABOUT_RETURN_TYPE = YES;
				GCC_WARN_UNINITIALIZED_AUTOS = YES;
				GCC_WARN_UNUSED_VARIABLE = YES;
				IPHONEOS_DEPLOYMENT_TARGET = 5.0;
				OTHER_CFLAGS = "-DNS_BLOCK_ASSERTIONS=1";
				PROVISIONING_PROFILE = "54036887-3993-4759-89d5-e726fda30d9a";
				SDKROOT = iphoneos;
				VALIDATE_PRODUCT = YES;
				VALID_ARCHS = "armv7 armv7s arm64";
			};
			name = Release;
		};
		13E5DDF41691136C00C5BE0D /* Debug */ = {
			isa = XCBuildConfiguration;
			buildSettings = {
				ASSETCATALOG_COMPILER_APPICON_NAME = AppIcon;
				ASSETCATALOG_COMPILER_LAUNCHIMAGE_NAME = LaunchImage;
				CODE_SIGN_IDENTITY = "iPhone Developer";
				"CODE_SIGN_IDENTITY[sdk=iphoneos*]" = "iPhone Developer";
				CODE_SIGN_STYLE = Automatic;
				DEVELOPMENT_TEAM = "";
				FRAMEWORK_SEARCH_PATHS = "$(inherited)";
				GCC_PRECOMPILE_PREFIX_HEADER = YES;
				GCC_PREFIX_HEADER = "ExperiBank/ExperiBank-Prefix.pch";
				INFOPLIST_FILE = "ExperiBank/ExperiBank-Info.plist";
				IPHONEOS_DEPLOYMENT_TARGET = 7.0;
				OTHER_LDFLAGS = "-ObjC";
				PRODUCT_NAME = "$(TARGET_NAME)";
				PROVISIONING_PROFILE = "";
				PROVISIONING_PROFILE_SPECIFIER = "";
				TARGETED_DEVICE_FAMILY = "1,2";
				VALID_ARCHS = "armv7 armv7s arm64";
				WRAPPER_EXTENSION = app;
			};
			name = Debug;
		};
		13E5DDF51691136C00C5BE0D /* Release */ = {
			isa = XCBuildConfiguration;
			buildSettings = {
				ASSETCATALOG_COMPILER_APPICON_NAME = AppIcon;
				ASSETCATALOG_COMPILER_LAUNCHIMAGE_NAME = LaunchImage;
				CODE_SIGN_IDENTITY = "iPhone Developer";
				"CODE_SIGN_IDENTITY[sdk=iphoneos*]" = "iPhone Developer";
				CODE_SIGN_STYLE = Automatic;
				DEVELOPMENT_TEAM = "";
				FRAMEWORK_SEARCH_PATHS = "$(inherited)";
				GCC_PRECOMPILE_PREFIX_HEADER = YES;
				GCC_PREFIX_HEADER = "ExperiBank/ExperiBank-Prefix.pch";
				INFOPLIST_FILE = "ExperiBank/ExperiBank-Info.plist";
				IPHONEOS_DEPLOYMENT_TARGET = 7.0;
				OTHER_LDFLAGS = "-ObjC";
				PRODUCT_NAME = "$(TARGET_NAME)";
				PROVISIONING_PROFILE = "";
				PROVISIONING_PROFILE_SPECIFIER = "";
				TARGETED_DEVICE_FAMILY = "1,2";
				VALID_ARCHS = "armv7 armv7s arm64";
				WRAPPER_EXTENSION = app;
			};
			name = Release;
		};
		3B88BB14178C340A00ACE318 /* Debug */ = {
			isa = XCBuildConfiguration;
			buildSettings = {
				ASSETCATALOG_COMPILER_APPICON_NAME = AppIcon;
				ASSETCATALOG_COMPILER_LAUNCHIMAGE_NAME = LaunchImage;
				CODE_SIGN_IDENTITY = "iPhone Developer";
				"CODE_SIGN_IDENTITY[sdk=iphoneos*]" = "iPhone Developer";
				CODE_SIGN_STYLE = Automatic;
				DEVELOPMENT_TEAM = "";
				FRAMEWORK_SEARCH_PATHS = "$(inherited)";
				GCC_PRECOMPILE_PREFIX_HEADER = YES;
				GCC_PREFIX_HEADER = "ExperiBank/ExperiBank-Prefix.pch";
				INFOPLIST_FILE = "ExperiBank copy-Info.plist";
				IPHONEOS_DEPLOYMENT_TARGET = 6.0;
				OTHER_LDFLAGS = "-ObjC";
				PRODUCT_NAME = ExperiBankO;
				PROVISIONING_PROFILE = "";
				PROVISIONING_PROFILE_SPECIFIER = "";
				TARGETED_DEVICE_FAMILY = "1,2";
				VALID_ARCHS = "armv7 arm64 armv7s";
				WRAPPER_EXTENSION = app;
			};
			name = Debug;
		};
		3B88BB15178C340A00ACE318 /* Release */ = {
			isa = XCBuildConfiguration;
			buildSettings = {
				ASSETCATALOG_COMPILER_APPICON_NAME = AppIcon;
				ASSETCATALOG_COMPILER_LAUNCHIMAGE_NAME = LaunchImage;
				CODE_SIGN_IDENTITY = "iPhone Developer";
				"CODE_SIGN_IDENTITY[sdk=iphoneos*]" = "iPhone Developer";
				CODE_SIGN_STYLE = Automatic;
				DEVELOPMENT_TEAM = "";
				FRAMEWORK_SEARCH_PATHS = "$(inherited)";
				GCC_PRECOMPILE_PREFIX_HEADER = YES;
				GCC_PREFIX_HEADER = "ExperiBank/ExperiBank-Prefix.pch";
				INFOPLIST_FILE = "ExperiBank copy-Info.plist";
				IPHONEOS_DEPLOYMENT_TARGET = 6.0;
				OTHER_LDFLAGS = "-ObjC";
				PRODUCT_NAME = ExperiBankO;
				PROVISIONING_PROFILE = "";
				PROVISIONING_PROFILE_SPECIFIER = "";
				TARGETED_DEVICE_FAMILY = "1,2";
				VALID_ARCHS = "armv7 arm64 armv7s";
				WRAPPER_EXTENSION = app;
			};
			name = Release;
		};
/* End XCBuildConfiguration section */

/* Begin XCConfigurationList section */
		13E5DDCF1691136C00C5BE0D /* Build configuration list for PBXProject "ExperiBank" */ = {
			isa = XCConfigurationList;
			buildConfigurations = (
				13E5DDF11691136C00C5BE0D /* Debug */,
				13E5DDF21691136C00C5BE0D /* Release */,
			);
			defaultConfigurationIsVisible = 0;
			defaultConfigurationName = Release;
		};
		13E5DDF31691136C00C5BE0D /* Build configuration list for PBXNativeTarget "ExperiBank" */ = {
			isa = XCConfigurationList;
			buildConfigurations = (
				13E5DDF41691136C00C5BE0D /* Debug */,
				13E5DDF51691136C00C5BE0D /* Release */,
			);
			defaultConfigurationIsVisible = 0;
			defaultConfigurationName = Release;
		};
		3B88BB13178C340A00ACE318 /* Build configuration list for PBXNativeTarget "ExperiBank O" */ = {
			isa = XCConfigurationList;
			buildConfigurations = (
				3B88BB14178C340A00ACE318 /* Debug */,
				3B88BB15178C340A00ACE318 /* Release */,
			);
			defaultConfigurationIsVisible = 0;
			defaultConfigurationName = Release;
		};
/* End XCConfigurationList section */
	};
	rootObject = 13E5DDCC1691136C00C5BE0D /* Project object */;
}
